label: Hero
description: Opening section with a strong heading, supporting text, buttons, and an optional image. As the first block of a page it becomes the page title (h1).
variants:
  split: Text and image side by side
  centered: Centered text, wide image below
  cover: Text over a full-width image
  minimal: Large heading, no image
fields:
  eyebrow:
    type: text
    label: Eyebrow
    placeholder: Short label above the heading
  heading:
    type: text
    label: Heading
    required: true
  text:
    type: textarea
    label: Text
  actions:
    type: repeater
    label: Buttons
    item_label: Button
    max: 2
    fields:
      label: { type: text, label: Label }
      url: { type: link, label: Link, help: 'A page ("contact"), a path ("/en/contact"), a full URL, #anchor, mailto: or tel:' }
      style: { type: select, label: Style, default: primary, options: { primary: Primary, secondary: Secondary } }
  highlights:
    type: repeater
    label: Highlights
    item_label: Highlight
    max: 3
    fields:
      text: { type: text, label: Text }
  image:
    type: image
    label: Image
  image_alt:
    type: text
    label: Image description
    help: What the image shows, for people who cannot see it. Leave empty if it is purely decorative.
